
Microsoft Visual Studio Solution File, Format Version 12.00
# Visual Studio Version 17
VisualStudioVersion = 17.14.36623.8 d17.14
MinimumVisualStudioVersion = 10.0.40219.1
Project("{FAE04EC0-301F-11D3-BF4B-00C04F79EFBC}") = "HelloDocker", "HelloDocker\HelloDocker.csproj", "{8F36347B-C6B6-468B-AA9A-FC04F20A0AC2}"
EndProject
Global
	GlobalSection(SolutionConfigurationPlatforms) = preSolution
		Debug|Any CPU = Debug|Any CPU
		Release|Any CPU = Release|Any CPU
	EndGlobalSection
	GlobalSection(ProjectConfigurationPlatforms) = postSolution
		{8F36347B-C6B6-468B-AA9A-FC04F20A0AC2}.Debug|Any CPU.ActiveCfg = Debug|Any CPU
		{8F36347B-C6B6-468B-AA9A-FC04F20A0AC2}.Debug|Any CPU.Build.0 = Debug|Any CPU
		{8F36347B-C6B6-468B-AA9A-FC04F20A0AC2}.Release|Any CPU.ActiveCfg = Release|Any CPU
		{8F36347B-C6B6-468B-AA9A-FC04F20A0AC2}.Release|Any CPU.Build.0 = Release|Any CPU
	EndGlobalSection
	GlobalSection(SolutionProperties) = preSolution
		HideSolutionNode = FALSE
	EndGlobalSection
	GlobalSection(ExtensibilityGlobals) = postSolution
		SolutionGuid = {A5E0F445-AE8A-44C9-AA5B-06B9D674965B}
	EndGlobalSection
EndGlobal
